
Microsoft Visual Studio Solution File, Format Version 12.00
# Visual Studio Version 16
VisualStudioVersion = 16.0.29411.108
MinimumVisualStudioVersion = 10.0.40219.1
Project("{FAE04EC0-301F-11D3-BF4B-00C04F79EFBC}") = "Practice.Beginner", "Practice.Beginner\Practice.Beginner.csproj", "{644FC746-8299-4AEA-A4B1-6382FB78FC6A}"
EndProject
Project("{2150E333-8FDC-42A3-9474-1A3956D46DE8}") = "LunchTime", "LunchTime", "{F1BA15E7-5F04-404A-A198-9943D5976D0D}"
EndProject
Project("{FAE04EC0-301F-11D3-BF4B-00C04F79EFBC}") = "Compete.LTIME79", "Compete.LTIME79\Compete.LTIME79.csproj", "{A2AE5D11-6FAB-45F4-AEC2-CC6457598E66}"
EndProject
Project("{2150E333-8FDC-42A3-9474-1A3956D46DE8}") = "PastContests", "PastContests", "{65BD18F3-747C-46F0-9893-9332E0EB3BFF}"
EndProject
Project("{2150E333-8FDC-42A3-9474-1A3956D46DE8}") = "LiveContests", "LiveContests", "{F3874D6F-605E-471E-AE5A-BAC4F3A9A809}"
EndProject
Project("{FAE04EC0-301F-11D3-BF4B-00C04F79EFBC}") = "CodeOverflow1.0", "CodeOverflow1.0\CodeOverflow1.0.csproj", "{52EB2BDD-F68C-44A3-8403-39AD49CAC13F}"
EndProject
Project("{FAE04EC0-301F-11D3-BF4B-00C04F79EFBC}") = "ENIGMA", "ENIGMA\ENIGMA.csproj", "{CF1F4F99-5BA6-4F52-A634-D82487DBEA90}"
EndProject
Global
	GlobalSection(SolutionConfigurationPlatforms) = preSolution
		Debug|Any CPU = Debug|Any CPU
		Release|Any CPU = Release|Any CPU
	EndGlobalSection
	GlobalSection(ProjectConfigurationPlatforms) = postSolution
		{644FC746-8299-4AEA-A4B1-6382FB78FC6A}.Debug|Any CPU.ActiveCfg = Debug|Any CPU
		{644FC746-8299-4AEA-A4B1-6382FB78FC6A}.Debug|Any CPU.Build.0 = Debug|Any CPU
		{644FC746-8299-4AEA-A4B1-6382FB78FC6A}.Release|Any CPU.ActiveCfg = Release|Any CPU
		{644FC746-8299-4AEA-A4B1-6382FB78FC6A}.Release|Any CPU.Build.0 = Release|Any CPU
		{A2AE5D11-6FAB-45F4-AEC2-CC6457598E66}.Debug|Any CPU.ActiveCfg = Debug|Any CPU
		{A2AE5D11-6FAB-45F4-AEC2-CC6457598E66}.Debug|Any CPU.Build.0 = Debug|Any CPU
		{A2AE5D11-6FAB-45F4-AEC2-CC6457598E66}.Release|Any CPU.ActiveCfg = Release|Any CPU
		{A2AE5D11-6FAB-45F4-AEC2-CC6457598E66}.Release|Any CPU.Build.0 = Release|Any CPU
		{52EB2BDD-F68C-44A3-8403-39AD49CAC13F}.Debug|Any CPU.ActiveCfg = Debug|Any CPU
		{52EB2BDD-F68C-44A3-8403-39AD49CAC13F}.Debug|Any CPU.Build.0 = Debug|Any CPU
		{52EB2BDD-F68C-44A3-8403-39AD49CAC13F}.Release|Any CPU.ActiveCfg = Release|Any CPU
		{52EB2BDD-F68C-44A3-8403-39AD49CAC13F}.Release|Any CPU.Build.0 = Release|Any CPU
		{CF1F4F99-5BA6-4F52-A634-D82487DBEA90}.Debug|Any CPU.ActiveCfg = Debug|Any CPU
		{CF1F4F99-5BA6-4F52-A634-D82487DBEA90}.Debug|Any CPU.Build.0 = Debug|Any CPU
		{CF1F4F99-5BA6-4F52-A634-D82487DBEA90}.Release|Any CPU.ActiveCfg = Release|Any CPU
		{CF1F4F99-5BA6-4F52-A634-D82487DBEA90}.Release|Any CPU.Build.0 = Release|Any CPU
	EndGlobalSection
	GlobalSection(SolutionProperties) = preSolution
		HideSolutionNode = FALSE
	EndGlobalSection
	GlobalSection(NestedProjects) = preSolution
		{F1BA15E7-5F04-404A-A198-9943D5976D0D} = {F3874D6F-605E-471E-AE5A-BAC4F3A9A809}
		{A2AE5D11-6FAB-45F4-AEC2-CC6457598E66} = {F1BA15E7-5F04-404A-A198-9943D5976D0D}
		{52EB2BDD-F68C-44A3-8403-39AD49CAC13F} = {65BD18F3-747C-46F0-9893-9332E0EB3BFF}
		{CF1F4F99-5BA6-4F52-A634-D82487DBEA90} = {F3874D6F-605E-471E-AE5A-BAC4F3A9A809}
	EndGlobalSection
	GlobalSection(ExtensibilityGlobals) = postSolution
		SolutionGuid = {2936DA5C-ED94-4CB2-B53E-86BFF66027A5}
	EndGlobalSection
EndGlobal
